// !$*UTF8*$!
{
	archiveVersion = 1;
	classes = {
	};
	objectVersion = 46;
	objects = {

/* Begin PBXBuildFile section */
		69FDE50A1BDA0CBE0018228E /* AppDelegate.swift in Sources */ = {isa = PBXBuildFile; fileRef = 69FDE5091BDA0CBE0018228E /* AppDelegate.swift */; };
		69FDE50C1BDA0CBE0018228E /* ViewController.swift in Sources */ = {isa = PBXBuildFile; fileRef = 69FDE50B1BDA0CBE0018228E /* ViewController.swift */; };
		69FDE50F1BDA0CBE0018228E /* Main.storyboard in Resources */ = {isa = PBXBuildFile; fileRef = 69FDE50D1BDA0CBE0018228E /* Main.storyboard */; };
		69FDE5111BDA0CBE0018228E /* Assets.xcassets in Resources */ = {isa = PBXBuildFile; fileRef = 69FDE5101BDA0CBE0018228E /* Assets.xcassets */; };
		69FDE5141BDA0CBE0018228E /* LaunchScreen.storyboard in Resources */ = {isa = PBXBuildFile; fileRef = 69FDE5121BDA0CBE0018228E /* LaunchScreen.storyboard */; };
		69FDE51F1BDA0CBE0018228E /* InstagramActivityViewTests.swift in Sources */ = {isa = PBXBuildFile; fileRef = 69FDE51E1BDA0CBE0018228E /* InstagramActivityViewTests.swift */; };
		69FDE52A1BDA0CBE0018228E /* InstagramActivityViewUITests.swift in Sources */ = {isa = PBXBuildFile; fileRef = 69FDE5291BDA0CBE0018228E /* InstagramActivityViewUITests.swift */; };
		69FDE5381BDA0F170018228E /* FollowingTableViewController.swift in Sources */ = {isa = PBXBuildFile; fileRef = 69FDE5371BDA0F170018228E /* FollowingTableViewController.swift */; settings = {ASSET_TAGS = (); }; };
		69FDE53A1BDA10690018228E /* InstagramTableViewCell.swift in Sources */ = {isa = PBXBuildFile; fileRef = 69FDE5391BDA10690018228E /* InstagramTableViewCell.swift */; settings = {ASSET_TAGS = (); }; };
		69FDE53C1BDA112B0018228E /* YouTableViewController.swift in Sources */ = {isa = PBXBuildFile; fileRef = 69FDE53B1BDA112B0018228E /* YouTableViewController.swift */; settings = {ASSET_TAGS = (); }; };
		69FDE53E1BDA14D20018228E /* TabButtonView.swift in Sources */ = {isa = PBXBuildFile; fileRef = 69FDE53D1BDA14D20018228E /* TabButtonView.swift */; settings = {ASSET_TAGS = (); }; };
/* End PBXBuildFile section */

/* Begin PBXContainerItemProxy section */
		69FDE51B1BDA0CBE0018228E /* PBXContainerItemProxy */ = {
			isa = PBXContainerItemProxy;
			containerPortal = 69FDE4FE1BDA0CBE0018228E /* Project object */;
			proxyType = 1;
			remoteGlobalIDString = 69FDE5051BDA0CBE0018228E;
			remoteInfo = InstagramActivityView;
		};
		69FDE5261BDA0CBE0018228E /* PBXContainerItemProxy */ = {
			isa = PBXContainerItemProxy;
			containerPortal = 69FDE4FE1BDA0CBE0018228E /* Project object */;
			proxyType = 1;
			remoteGlobalIDString = 69FDE5051BDA0CBE0018228E;
			remoteInfo = InstagramActivityView;
		};
/* End PBXContainerItemProxy section */

/* Begin PBXFileReference section */
		69FDE5061BDA0CBE0018228E /* InstagramActivityView.app */ = {isa = PBXFileReference; explicitFileType = wrapper.application; includeInIndex = 0; path = InstagramActivityView.app; sourceTree = BUILT_PRODUCTS_DIR; };
		69FDE5091BDA0CBE0018228E /* AppDelegate.swift */ = {isa = PBXFileReference; lastKnownFileType = sourcecode.swift; path = AppDelegate.swift; sourceTree = "<group>"; };
		69FDE50B1BDA0CBE0018228E /* ViewController.swift */ = {isa = PBXFileReference; lastKnownFileType = sourcecode.swift; path = ViewController.swift; sourceTree = "<group>"; };
		69FDE50E1BDA0CBE0018228E /* Base */ = {isa = PBXFileReference; lastKnownFileType = file.storyboard; name = Base; path = Base.lproj/Main.storyboard; sourceTree = "<group>"; };
		69FDE5101BDA0CBE0018228E /* Assets.xcassets */ = {isa = PBXFileReference; lastKnownFileType = folder.assetcatalog; path = Assets.xcassets; sourceTree = "<group>"; };
		69FDE5131BDA0CBE0018228E /* Base */ = {isa = PBXFileReference; lastKnownFileType = file.storyboard; name = Base; path = Base.lproj/LaunchScreen.storyboard; sourceTree = "<group>"; };
		69FDE5151BDA0CBE0018228E /* Info.plist */ = {isa = PBXFileReference; lastKnownFileType = text.plist.xml; path = Info.plist; sourceTree = "<group>"; };
		69FDE51A1BDA0CBE0018228E /* InstagramActivityViewTests.xctest */ = {isa = PBXFileReference; explicitFileType = wrapper.cfbundle; includeInIndex = 0; path = InstagramActivityViewTests.xctest; sourceTree = BUILT_PRODUCTS_DIR; };
		69FDE51E1BDA0CBE0018228E /* InstagramActivityViewTests.swift */ = {isa = PBXFileReference; lastKnownFileType = sourcecode.swift; path = InstagramActivityViewTests.swift; sourceTree = "<group>"; };
		69FDE5201BDA0CBE0018228E /* Info.plist */ = {isa = PBXFileReference; lastKnownFileType = text.plist.xml; path = Info.plist; sourceTree = "<group>"; };
		69FDE5251BDA0CBE0018228E /* InstagramActivityViewUITests.xctest */ = {isa = PBXFileReference; explicitFileType = wrapper.cfbundle; includeInIndex = 0; path = InstagramActivityViewUITests.xctest; sourceTree = BUILT_PRODUCTS_DIR; };
		69FDE5291BDA0CBE0018228E /* InstagramActivityViewUITests.swift */ = {isa = PBXFileReference; lastKnownFileType = sourcecode.swift; path = InstagramActivityViewUITests.swift; sourceTree = "<group>"; };
		69FDE52B1BDA0CBE0018228E /* Info.plist */ = {isa = PBXFileReference; lastKnownFileType = text.plist.xml; path = Info.plist; sourceTree = "<group>"; };
		69FDE5371BDA0F170018228E /* FollowingTableViewController.swift */ = {isa = PBXFileReference; fileEncoding = 4; lastKnownFileType = sourcecode.swift; path = FollowingTableViewController.swift; sourceTree = "<group>"; };
		69FDE5391BDA10690018228E /* InstagramTableViewCell.swift */ = {isa = PBXFileReference; fileEncoding = 4; lastKnownFileType = sourcecode.swift; path = InstagramTableViewCell.swift; sourceTree = "<group>"; };
		69FDE53B1BDA112B0018228E /* YouTableViewController.swift */ = {isa = PBXFileReference; fileEncoding = 4; lastKnownFileType = sourcecode.swift; path = YouTableViewController.swift; sourceTree = "<group>"; };
		69FDE53D1BDA14D20018228E /* TabButtonView.swift */ = {isa = PBXFileReference; fileEncoding = 4; lastKnownFileType = sourcecode.swift; path = TabButtonView.swift; sourceTree = "<group>"; };
/* End PBXFileReference section */

/* Begin PBXFrameworksBuildPhase section */
		69FDE5031BDA0CBE0018228E /* Frameworks */ = {
			isa = PBXFrameworksBuildPhase;
			buildActionMask = 2147483647;
			files = (
			);
			runOnlyForDeploymentPostprocessing = 0;
		};
		69FDE5171BDA0CBE0018228E /* Frameworks */ = {
			isa = PBXFrameworksBuildPhase;
			buildActionMask = 2147483647;
			files = (
			);
			runOnlyForDeploymentPostprocessing = 0;
		};
		69FDE5221BDA0CBE0018228E /* Frameworks */ = {
			isa = PBXFrameworksBuildPhase;
			buildActionMask = 2147483647;
			files = (
			);
			runOnlyForDeploymentPostprocessing = 0;
		};
/* End PBXFrameworksBuildPhase section */

/* Begin PBXGroup section */
		69FDE4FD1BDA0CBE0018228E = {
			isa = PBXGroup;
			children = (
				69FDE5081BDA0CBE0018228E /* InstagramActivityView */,
				69FDE51D1BDA0CBE0018228E /* InstagramActivityViewTests */,
				69FDE5281BDA0CBE0018228E /* InstagramActivityViewUITests */,
				69FDE5071BDA0CBE0018228E /* Products */,
			);
			sourceTree = "<group>";
		};
		69FDE5071BDA0CBE0018228E /* Products */ = {
			isa = PBXGroup;
			children = (
				69FDE5061BDA0CBE0018228E /* InstagramActivityView.app */,
				69FDE51A1BDA0CBE0018228E /* InstagramActivityViewTests.xctest */,
				69FDE5251BDA0CBE0018228E /* InstagramActivityViewUITests.xctest */,
			);
			name = Products;
			sourceTree = "<group>";
		};
		69FDE5081BDA0CBE0018228E /* InstagramActivityView */ = {
			isa = PBXGroup;
			children = (
				69FDE5091BDA0CBE0018228E /* AppDelegate.swift */,
				69FDE50B1BDA0CBE0018228E /* ViewController.swift */,
				69FDE5371BDA0F170018228E /* FollowingTableViewController.swift */,
				69FDE53D1BDA14D20018228E /* TabButtonView.swift */,
				69FDE53B1BDA112B0018228E /* YouTableViewController.swift */,
				69FDE5391BDA10690018228E /* InstagramTableViewCell.swift */,
				69FDE50D1BDA0CBE0018228E /* Main.storyboard */,
				69FDE5101BDA0CBE0018228E /* Assets.xcassets */,
				69FDE5121BDA0CBE0018228E /* LaunchScreen.storyboard */,
				69FDE5151BDA0CBE0018228E /* Info.plist */,
			);
			path = InstagramActivityView;
			sourceTree = "<group>";
		};
		69FDE51D1BDA0CBE0018228E /* InstagramActivityViewTests */ = {
			isa = PBXGroup;
			children = (
				69FDE51E1BDA0CBE0018228E /* InstagramActivityViewTests.swift */,
				69FDE5201BDA0CBE0018228E /* Info.plist */,
			);
			path = InstagramActivityViewTests;
			sourceTree = "<group>";
		};
		69FDE5281BDA0CBE0018228E /* InstagramActivityViewUITests */ = {
			isa = PBXGroup;
			children = (
				69FDE5291BDA0CBE0018228E /* InstagramActivityViewUITests.swift */,
				69FDE52B1BDA0CBE0018228E /* Info.plist */,
			);
			path = InstagramActivityViewUITests;
			sourceTree = "<group>";
		};
/* End PBXGroup section */

/* Begin PBXNativeTarget section */
		69FDE5051BDA0CBE0018228E /* InstagramActivityView */ = {
			isa = PBXNativeTarget;
			buildConfigurationList = 69FDE52E1BDA0CBE0018228E /* Build configuration list for PBXNativeTarget "InstagramActivityView" */;
			buildPhases = (
				69FDE5021BDA0CBE0018228E /* Sources */,
				69FDE5031BDA0CBE0018228E /* Frameworks */,
				69FDE5041BDA0CBE0018228E /* Resources */,
			);
			buildRules = (
			);
			dependencies = (
			);
			name = InstagramActivityView;
			productName = InstagramActivityView;
			productReference = 69FDE5061BDA0CBE0018228E /* InstagramActivityView.app */;
			productType = "com.apple.product-type.application";
		};
		69FDE5191BDA0CBE0018228E /* InstagramActivityViewTests */ = {
			isa = PBXNativeTarget;
			buildConfigurationList = 69FDE5311BDA0CBE0018228E /* Build configuration list for PBXNativeTarget "InstagramActivityViewTests" */;
			buildPhases = (
				69FDE5161BDA0CBE0018228E /* Sources */,
				69FDE5171BDA0CBE0018228E /* Frameworks */,
				69FDE5181BDA0CBE0018228E /* Resources */,
			);
			buildRules = (
			);
			dependencies = (
				69FDE51C1BDA0CBE0018228E /* PBXTargetDependency */,
			);
			name = InstagramActivityViewTests;
			productName = InstagramActivityViewTests;
			productReference = 69FDE51A1BDA0CBE0018228E /* InstagramActivityViewTests.xctest */;
			productType = "com.apple.product-type.bundle.unit-test";
		};
		69FDE5241BDA0CBE0018228E /* InstagramActivityViewUITests */ = {
			isa = PBXNativeTarget;
			buildConfigurationList = 69FDE5341BDA0CBE0018228E /* Build configuration list for PBXNativeTarget "InstagramActivityViewUITests" */;
			buildPhases = (
				69FDE5211BDA0CBE0018228E /* Sources */,
				69FDE5221BDA0CBE0018228E /* Frameworks */,
				69FDE5231BDA0CBE0018228E /* Resources */,
			);
			buildRules = (
			);
			dependencies = (
				69FDE5271BDA0CBE0018228E /* PBXTargetDependency */,
			);
			name = InstagramActivityViewUITests;
			productName = InstagramActivityViewUITests;
			productReference = 69FDE5251BDA0CBE0018228E /* InstagramActivityViewUITests.xctest */;
			productType = "com.apple.product-type.bundle.ui-testing";
		};
/* End PBXNativeTarget section */

/* Begin PBXProject section */
		69FDE4FE1BDA0CBE0018228E /* Project object */ = {
			isa = PBXProject;
			attributes = {
				LastUpgradeCheck = 0700;
				ORGANIZATIONNAME = "Komran Ghahremani";
				TargetAttributes = {
					69FDE5051BDA0CBE0018228E = {
						CreatedOnToolsVersion = 7.0.1;
					};
					69FDE5191BDA0CBE0018228E = {
						CreatedOnToolsVersion = 7.0.1;
						TestTargetID = 69FDE5051BDA0CBE0018228E;
					};
					69FDE5241BDA0CBE0018228E = {
						CreatedOnToolsVersion = 7.0.1;
						TestTargetID = 69FDE5051BDA0CBE0018228E;
					};
				};
			};
			buildConfigurationList = 69FDE5011BDA0CBE0018228E /* Build configuration list for PBXProject "InstagramActivityView" */;
			compatibilityVersion = "Xcode 3.2";
			developmentRegion = English;
			hasScannedForEncodings = 0;
			knownRegions = (
				en,
				Base,
			);
			mainGroup = 69FDE4FD1BDA0CBE0018228E;
			productRefGroup = 69FDE5071BDA0CBE0018228E /* Products */;
			projectDirPath = "";
			projectRoot = "";
			targets = (
				69FDE5051BDA0CBE0018228E /* InstagramActivityView */,
				69FDE5191BDA0CBE0018228E /* InstagramActivityViewTests */,
				69FDE5241BDA0CBE0018228E /* InstagramActivityViewUITests */,
			);
		};
/* End PBXProject section */

/* Begin PBXResourcesBuildPhase section */
		69FDE5041BDA0CBE0018228E /* Resources */ = {
			isa = PBXResourcesBuildPhase;
			buildActionMask = 2147483647;
			files = (
				69FDE5141BDA0CBE0018228E /* LaunchScreen.storyboard in Resources */,
				69FDE5111BDA0CBE0018228E /* Assets.xcassets in Resources */,
				69FDE50F1BDA0CBE0018228E /* Main.storyboard in Resources */,
			);
			runOnlyForDeploymentPostprocessing = 0;
		};
		69FDE5181BDA0CBE0018228E /* Resources */ = {
			isa = PBXResourcesBuildPhase;
			buildActionMask = 2147483647;
			files = (
			);
			runOnlyForDeploymentPostprocessing = 0;
		};
		69FDE5231BDA0CBE0018228E /* Resources */ = {
			isa = PBXResourcesBuildPhase;
			buildActionMask = 2147483647;
			files = (
			);
			runOnlyForDeploymentPostprocessing = 0;
		};
/* End PBXResourcesBuildPhase section */

/* Begin PBXSourcesBuildPhase section */
		69FDE5021BDA0CBE0018228E /* Sources */ = {
			isa = PBXSourcesBuildPhase;
			buildActionMask = 2147483647;
			files = (
				69FDE53A1BDA10690018228E /* InstagramTableViewCell.swift in Sources */,
				69FDE53C1BDA112B0018228E /* YouTableViewController.swift in Sources */,
				69FDE53E1BDA14D20018228E /* TabButtonView.swift in Sources */,
				69FDE5381BDA0F170018228E /* FollowingTableViewController.swift in Sources */,
				69FDE50C1BDA0CBE0018228E /* ViewController.swift in Sources */,
				69FDE50A1BDA0CBE0018228E /* AppDelegate.swift in Sources */,
			);
			runOnlyForDeploymentPostprocessing = 0;
		};
		69FDE5161BDA0CBE0018228E /* Sources */ = {
			isa = PBXSourcesBuildPhase;
			buildActionMask = 2147483647;
			files = (
				69FDE51F1BDA0CBE0018228E /* InstagramActivityViewTests.swift in Sources */,
			);
			runOnlyForDeploymentPostprocessing = 0;
		};
		69FDE5211BDA0CBE0018228E /* Sources */ = {
			isa = PBXSourcesBuildPhase;
			buildActionMask = 2147483647;
			files = (
				69FDE52A1BDA0CBE0018228E /* InstagramActivityViewUITests.swift in Sources */,
			);
			runOnlyForDeploymentPostprocessing = 0;
		};
/* End PBXSourcesBuildPhase section */

/* Begin PBXTargetDependency section */
		69FDE51C1BDA0CBE0018228E /* PBXTargetDependency */ = {
			isa = PBXTargetDependency;
			target = 69FDE5051BDA0CBE0018228E /* InstagramActivityView */;
			targetProxy = 69FDE51B1BDA0CBE0018228E /* PBXContainerItemProxy */;
		};
		69FDE5271BDA0CBE0018228E /* PBXTargetDependency */ = {
			isa = PBXTargetDependency;
			target = 69FDE5051BDA0CBE0018228E /* InstagramActivityView */;
			targetProxy = 69FDE5261BDA0CBE0018228E /* PBXContainerItemProxy */;
		};
/* End PBXTargetDependency section */

/* Begin PBXVariantGroup section */
		69FDE50D1BDA0CBE0018228E /* Main.storyboard */ = {
			isa = PBXVariantGroup;
			children = (
				69FDE50E1BDA0CBE0018228E /* Base */,
			);
			name = Main.storyboard;
			sourceTree = "<group>";
		};
		69FDE5121BDA0CBE0018228E /* LaunchScreen.storyboard */ = {
			isa = PBXVariantGroup;
			children = (
				69FDE5131BDA0CBE0018228E /* Base */,
			);
			name = LaunchScreen.storyboard;
			sourceTree = "<group>";
		};
/* End PBXVariantGroup section */

/* Begin XCBuildConfiguration section */
		69FDE52C1BDA0CBE0018228E /* Debug */ = {
			isa = XCBuildConfiguration;
			buildSettings = {
				ALWAYS_SEARCH_USER_PATHS = NO;
				CLANG_CXX_LANGUAGE_STANDARD = "gnu++0x";
				CLANG_CXX_LIBRARY = "libc++";
				CLANG_ENABLE_MODULES = YES;
				CLANG_ENABLE_OBJC_ARC = YES;
				CLANG_WARN_BOOL_CONVERSION = YES;
				CLANG_WARN_CONSTANT_CONVERSION = YES;
				CLANG_WARN_DIRECT_OBJC_ISA_USAGE = YES_ERROR;
				CLANG_WARN_EMPTY_BODY = YES;
				CLANG_WARN_ENUM_CONVERSION = YES;
				CLANG_WARN_INT_CONVERSION = YES;
				CLANG_WARN_OBJC_ROOT_CLASS = YES_ERROR;
				CLANG_WARN_UNREACHABLE_CODE = YES;
				CLANG_WARN__DUPLICATE_METHOD_MATCH = YES;
				"CODE_SIGN_IDENTITY[sdk=iphoneos*]" = "iPhone Developer";
				COPY_PHASE_STRIP = NO;
				DEBUG_INFORMATION_FORMAT = dwarf;
				ENABLE_STRICT_OBJC_MSGSEND = YES;
				ENABLE_TESTABILITY = YES;
				GCC_C_LANGUAGE_STANDARD = gnu99;
				GCC_DYNAMIC_NO_PIC = NO;
				GCC_NO_COMMON_BLOCKS = YES;
				GCC_OPTIMIZATION_LEVEL = 0;
				GCC_PREPROCESSOR_DEFINITIONS = (
					"DEBUG=1",
					"$(inherited)",
				);
				GCC_WARN_64_TO_32_BIT_CONVERSION = YES;
				GCC_WARN_ABOUT_RETURN_TYPE = YES_ERROR;
				GCC_WARN_UNDECLARED_SELECTOR = YES;
				GCC_WARN_UNINITIALIZED_AUTOS = YES_AGGRESSIVE;
				GCC_WARN_UNUSED_FUNCTION = YES;
				GCC_WARN_UNUSED_VARIABLE = YES;
				IPHONEOS_DEPLOYMENT_TARGET = 9.0;
				MTL_ENABLE_DEBUG_INFO = YES;
				ONLY_ACTIVE_ARCH = YES;
				SDKROOT = iphoneos;
				SWIFT_OPTIMIZATION_LEVEL = "-Onone";
			};
			name = Debug;
		};
		69FDE52D1BDA0CBE0018228E /* Release */ = {
			isa = XCBuildConfiguration;
			buildSettings = {
				ALWAYS_SEARCH_USER_PATHS = NO;
				CLANG_CXX_LANGUAGE_STANDARD = "gnu++0x";
				CLANG_CXX_LIBRARY = "libc++";
				CLANG_ENABLE_MODULES = YES;
				CLANG_ENABLE_OBJC_ARC = YES;
				CLANG_WARN_BOOL_CONVERSION = YES;
				CLANG_WARN_CONSTANT_CONVERSION = YES;
				CLANG_WARN_DIRECT_OBJC_ISA_USAGE = YES_ERROR;
				CLANG_WARN_EMPTY_BODY = YES;
				CLANG_WARN_ENUM_CONVERSION = YES;
				CLANG_WARN_INT_CONVERSION = YES;
				CLANG_WARN_OBJC_ROOT_CLASS = YES_ERROR;
				CLANG_WARN_UNREACHABLE_CODE = YES;
				CLANG_WARN__DUPLICATE_METHOD_MATCH = YES;
				"CODE_SIGN_IDENTITY[sdk=iphoneos*]" = "iPhone Developer";
				COPY_PHASE_STRIP = NO;
				DEBUG_INFORMATION_FORMAT = "dwarf-with-dsym";
				ENABLE_NS_ASSERTIONS = NO;
				ENABLE_STRICT_OBJC_MSGSEND = YES;
				GCC_C_LANGUAGE_STANDARD = gnu99;
				GCC_NO_COMMON_BLOCKS = YES;
				GCC_WARN_64_TO_32_BIT_CONVERSION = YES;
				GCC_WARN_ABOUT_RETURN_TYPE = YES_ERROR;
				GCC_WARN_UNDECLARED_SELECTOR = YES;
				GCC_WARN_UNINITIALIZED_AUTOS = YES_AGGRESSIVE;
				GCC_WARN_UNUSED_FUNCTION = YES;
				GCC_WARN_UNUSED_VARIABLE = YES;
				IPHONEOS_DEPLOYMENT_TARGET = 9.0;
				MTL_ENABLE_DEBUG_INFO = NO;
				SDKROOT = iphoneos;
				VALIDATE_PRODUCT = YES;
			};
			name = Release;
		};
		69FDE52F1BDA0CBE0018228E /* Debug */ = {
			isa = XCBuildConfiguration;
			buildSettings = {
				ASSETCATALOG_COMPILER_APPICON_NAME = AppIcon;
				INFOPLIST_FILE = InstagramActivityView/Info.plist;
				LD_RUNPATH_SEARCH_PATHS = "$(inherited) @executable_path/Frameworks";
				PRODUCT_BUNDLE_IDENTIFIER = com.komran.InstagramActivityView;
				PRODUCT_NAME = "$(TARGET_NAME)";
			};
			name = Debug;
		};
		69FDE5301BDA0CBE0018228E /* Release */ = {
			isa = XCBuildConfiguration;
			buildSettings = {
				ASSETCATALOG_COMPILER_APPICON_NAME = AppIcon;
				INFOPLIST_FILE = InstagramActivityView/Info.plist;
				LD_RUNPATH_SEARCH_PATHS = "$(inherited) @executable_path/Frameworks";
				PRODUCT_BUNDLE_IDENTIFIER = com.komran.InstagramActivityView;
				PRODUCT_NAME = "$(TARGET_NAME)";
			};
			name = Release;
		};
		69FDE5321BDA0CBE0018228E /* Debug */ = {
			isa = XCBuildConfiguration;
			buildSettings = {
				BUNDLE_LOADER = "$(TEST_HOST)";
				INFOPLIST_FILE = InstagramActivityViewTests/Info.plist;
				LD_RUNPATH_SEARCH_PATHS = "$(inherited) @executable_path/Frameworks @loader_path/Frameworks";
				PRODUCT_BUNDLE_IDENTIFIER = com.komran.InstagramActivityViewTests;
				PRODUCT_NAME = "$(TARGET_NAME)";
				TEST_HOST = "$(BUILT_PRODUCTS_DIR)/InstagramActivityView.app/InstagramActivityView";
			};
			name = Debug;
		};
		69FDE5331BDA0CBE0018228E /* Release */ = {
			isa = XCBuildConfiguration;
			buildSettings = {
				BUNDLE_LOADER = "$(TEST_HOST)";
				INFOPLIST_FILE = InstagramActivityViewTests/Info.plist;
				LD_RUNPATH_SEARCH_PATHS = "$(inherited) @executable_path/Frameworks @loader_path/Frameworks";
				PRODUCT_BUNDLE_IDENTIFIER = com.komran.InstagramActivityViewTests;
				PRODUCT_NAME = "$(TARGET_NAME)";
				TEST_HOST = "$(BUILT_PRODUCTS_DIR)/InstagramActivityView.app/InstagramActivityView";
			};
			name = Release;
		};
		69FDE5351BDA0CBE0018228E /* Debug */ = {
			isa = XCBuildConfiguration;
			buildSettings = {
				INFOPLIST_FILE = InstagramActivityViewUITests/Info.plist;
				LD_RUNPATH_SEARCH_PATHS = "$(inherited) @executable_path/Frameworks @loader_path/Frameworks";
				PRODUCT_BUNDLE_IDENTIFIER = com.komran.InstagramActivityViewUITests;
				PRODUCT_NAME = "$(TARGET_NAME)";
				TEST_TARGET_NAME = InstagramActivityView;
				USES_XCTRUNNER = YES;
			};
			name = Debug;
		};
		69FDE5361BDA0CBE0018228E /* Release */ = {
			isa = XCBuildConfiguration;
			buildSettings = {
				INFOPLIST_FILE = InstagramActivityViewUITests/Info.plist;
				LD_RUNPATH_SEARCH_PATHS = "$(inherited) @executable_path/Frameworks @loader_path/Frameworks";
				PRODUCT_BUNDLE_IDENTIFIER = com.komran.InstagramActivityViewUITests;
				PRODUCT_NAME = "$(TARGET_NAME)";
				TEST_TARGET_NAME = InstagramActivityView;
				USES_XCTRUNNER = YES;
			};
			name = Release;
		};
/* End XCBuildConfiguration section */

/* Begin XCConfigurationList section */
		69FDE5011BDA0CBE0018228E /* Build configuration list for PBXProject "InstagramActivityView" */ = {
			isa = XCConfigurationList;
			buildConfigurations = (
				69FDE52C1BDA0CBE0018228E /* Debug */,
				69FDE52D1BDA0CBE0018228E /* Release */,
			);
			defaultConfigurationIsVisible = 0;
			defaultConfigurationName = Release;
		};
		69FDE52E1BDA0CBE0018228E /* Build configuration list for PBXNativeTarget "InstagramActivityView" */ = {
			isa = XCConfigurationList;
			buildConfigurations = (
				69FDE52F1BDA0CBE0018228E /* Debug */,
				69FDE5301BDA0CBE0018228E /* Release */,
			);
			defaultConfigurationIsVisible = 0;
		};
		69FDE5311BDA0CBE0018228E /* Build configuration list for PBXNativeTarget "InstagramActivityViewTests" */ = {
			isa = XCConfigurationList;
			buildConfigurations = (
				69FDE5321BDA0CBE0018228E /* Debug */,
				69FDE5331BDA0CBE0018228E /* Release */,
			);
			defaultConfigurationIsVisible = 0;
		};
		69FDE5341BDA0CBE0018228E /* Build configuration list for PBXNativeTarget "InstagramActivityViewUITests" */ = {
			isa = XCConfigurationList;
			buildConfigurations = (
				69FDE5351BDA0CBE0018228E /* Debug */,
				69FDE5361BDA0CBE0018228E /* Release */,
			);
			defaultConfigurationIsVisible = 0;
		};
/* End XCConfigurationList section */
	};
	rootObject = 69FDE4FE1BDA0CBE0018228E /* Project object */;
}
